
Microsoft Visual Studio Solution File, Format Version 12.00
# Visual Studio Version 16
VisualStudioVersion = 25.0.1706.3
MinimumVisualStudioVersion = 10.0.40219.1
Project("{FAE04EC0-301F-11D3-BF4B-00C04F79EFBC}") = "TypesAndVariables", "TypesAndVariables\TypesAndVariables.csproj", "{463093E2-FC32-4ECE-8741-A6F00D3EEEC0}"
EndProject
Project("{FAE04EC0-301F-11D3-BF4B-00C04F79EFBC}") = "Conditionals", "Conditionals\Conditionals.csproj", "{88B1E016-2119-434C-95E5-75605BCD3589}"
EndProject
Project("{FAE04EC0-301F-11D3-BF4B-00C04F79EFBC}") = "Methods", "Methods\Methods.csproj", "{CBCB203E-CEC9-4BCC-B079-BF6650AFBD81}"
EndProject
Project("{FAE04EC0-301F-11D3-BF4B-00C04F79EFBC}") = "Arrays", "Arrays\Arrays.csproj", "{3E10C7ED-F36D-42B6-A776-F6A550AA665E}"
EndProject
Project("{FAE04EC0-301F-11D3-BF4B-00C04F79EFBC}") = "Loops", "Loops\Loops.csproj", "{3C13B174-75DD-47D9-9720-E0297C066DAD}"
EndProject
Project("{FAE04EC0-301F-11D3-BF4B-00C04F79EFBC}") = "FindPrimeNumber", "FindPrimeNumber\FindPrimeNumber.csproj", "{9F50FFBB-48B9-4971-9A65-9B8EE551F124}"
EndProject
Project("{FAE04EC0-301F-11D3-BF4B-00C04F79EFBC}") = "Strings", "Strings\Strings.csproj", "{B32622A2-83DA-4A15-A7FF-789BEFA9A20A}"
EndProject
Project("{FAE04EC0-301F-11D3-BF4B-00C04F79EFBC}") = "Classes", "Classes\Classes.csproj", "{4FFF21AA-7463-4F54-B556-E70BA64EFDB0}"
EndProject
Project("{FAE04EC0-301F-11D3-BF4B-00C04F79EFBC}") = "Interfaces", "Interfaces\Interfaces.csproj", "{1A6F42ED-A16F-445B-8FB0-28A1699AED3A}"
EndProject
Project("{FAE04EC0-301F-11D3-BF4B-00C04F79EFBC}") = "InterfacesDemo", "InterfacesDemo\InterfacesDemo.csproj", "{3136E815-9832-444A-9C02-02B28C851047}"
EndProject
Project("{FAE04EC0-301F-11D3-BF4B-00C04F79EFBC}") = "Inheritance", "Inheritance\Inheritance.csproj", "{B2FCDB5D-DBD4-4DF1-AC25-C74431FD750E}"
EndProject
Global
	GlobalSection(SolutionConfigurationPlatforms) = preSolution
		Debug|Any CPU = Debug|Any CPU
		Release|Any CPU = Release|Any CPU
	EndGlobalSection
	GlobalSection(ProjectConfigurationPlatforms) = postSolution
		{463093E2-FC32-4ECE-8741-A6F00D3EEEC0}.Debug|Any CPU.ActiveCfg = Debug|Any CPU
		{463093E2-FC32-4ECE-8741-A6F00D3EEEC0}.Debug|Any CPU.Build.0 = Debug|Any CPU
		{463093E2-FC32-4ECE-8741-A6F00D3EEEC0}.Release|Any CPU.ActiveCfg = Release|Any CPU
		{463093E2-FC32-4ECE-8741-A6F00D3EEEC0}.Release|Any CPU.Build.0 = Release|Any CPU
		{88B1E016-2119-434C-95E5-75605BCD3589}.Debug|Any CPU.ActiveCfg = Debug|Any CPU
		{88B1E016-2119-434C-95E5-75605BCD3589}.Debug|Any CPU.Build.0 = Debug|Any CPU
		{88B1E016-2119-434C-95E5-75605BCD3589}.Release|Any CPU.ActiveCfg = Release|Any CPU
		{88B1E016-2119-434C-95E5-75605BCD3589}.Release|Any CPU.Build.0 = Release|Any CPU
		{CBCB203E-CEC9-4BCC-B079-BF6650AFBD81}.Debug|Any CPU.ActiveCfg = Debug|Any CPU
		{CBCB203E-CEC9-4BCC-B079-BF6650AFBD81}.Debug|Any CPU.Build.0 = Debug|Any CPU
		{CBCB203E-CEC9-4BCC-B079-BF6650AFBD81}.Release|Any CPU.ActiveCfg = Release|Any CPU
		{CBCB203E-CEC9-4BCC-B079-BF6650AFBD81}.Release|Any CPU.Build.0 = Release|Any CPU
		{3E10C7ED-F36D-42B6-A776-F6A550AA665E}.Debug|Any CPU.ActiveCfg = Debug|Any CPU
		{3E10C7ED-F36D-42B6-A776-F6A550AA665E}.Debug|Any CPU.Build.0 = Debug|Any CPU
		{3E10C7ED-F36D-42B6-A776-F6A550AA665E}.Release|Any CPU.ActiveCfg = Release|Any CPU
		{3E10C7ED-F36D-42B6-A776-F6A550AA665E}.Release|Any CPU.Build.0 = Release|Any CPU
		{3C13B174-75DD-47D9-9720-E0297C066DAD}.Debug|Any CPU.ActiveCfg = Debug|Any CPU
		{3C13B174-75DD-47D9-9720-E0297C066DAD}.Debug|Any CPU.Build.0 = Debug|Any CPU
		{3C13B174-75DD-47D9-9720-E0297C066DAD}.Release|Any CPU.ActiveCfg = Release|Any CPU
		{3C13B174-75DD-47D9-9720-E0297C066DAD}.Release|Any CPU.Build.0 = Release|Any CPU
		{9F50FFBB-48B9-4971-9A65-9B8EE551F124}.Debug|Any CPU.ActiveCfg = Debug|Any CPU
		{9F50FFBB-48B9-4971-9A65-9B8EE551F124}.Debug|Any CPU.Build.0 = Debug|Any CPU
		{9F50FFBB-48B9-4971-9A65-9B8EE551F124}.Release|Any CPU.ActiveCfg = Release|Any CPU
		{9F50FFBB-48B9-4971-9A65-9B8EE551F124}.Release|Any CPU.Build.0 = Release|Any CPU
		{B32622A2-83DA-4A15-A7FF-789BEFA9A20A}.Debug|Any CPU.ActiveCfg = Debug|Any CPU
		{B32622A2-83DA-4A15-A7FF-789BEFA9A20A}.Debug|Any CPU.Build.0 = Debug|Any CPU
		{B32622A2-83DA-4A15-A7FF-789BEFA9A20A}.Release|Any CPU.ActiveCfg = Release|Any CPU
		{B32622A2-83DA-4A15-A7FF-789BEFA9A20A}.Release|Any CPU.Build.0 = Release|Any CPU
		{4FFF21AA-7463-4F54-B556-E70BA64EFDB0}.Debug|Any CPU.ActiveCfg = Debug|Any CPU
		{4FFF21AA-7463-4F54-B556-E70BA64EFDB0}.Debug|Any CPU.Build.0 = Debug|Any CPU
		{4FFF21AA-7463-4F54-B556-E70BA64EFDB0}.Release|Any CPU.ActiveCfg = Release|Any CPU
		{4FFF21AA-7463-4F54-B556-E70BA64EFDB0}.Release|Any CPU.Build.0 = Release|Any CPU
		{1A6F42ED-A16F-445B-8FB0-28A1699AED3A}.Debug|Any CPU.ActiveCfg = Debug|Any CPU
		{1A6F42ED-A16F-445B-8FB0-28A1699AED3A}.Debug|Any CPU.Build.0 = Debug|Any CPU
		{1A6F42ED-A16F-445B-8FB0-28A1699AED3A}.Release|Any CPU.ActiveCfg = Release|Any CPU
		{1A6F42ED-A16F-445B-8FB0-28A1699AED3A}.Release|Any CPU.Build.0 = Release|Any CPU
		{3136E815-9832-444A-9C02-02B28C851047}.Debug|Any CPU.ActiveCfg = Debug|Any CPU
		{3136E815-9832-444A-9C02-02B28C851047}.Debug|Any CPU.Build.0 = Debug|Any CPU
		{3136E815-9832-444A-9C02-02B28C851047}.Release|Any CPU.ActiveCfg = Release|Any CPU
		{3136E815-9832-444A-9C02-02B28C851047}.Release|Any CPU.Build.0 = Release|Any CPU
		{B2FCDB5D-DBD4-4DF1-AC25-C74431FD750E}.Debug|Any CPU.ActiveCfg = Debug|Any CPU
		{B2FCDB5D-DBD4-4DF1-AC25-C74431FD750E}.Debug|Any CPU.Build.0 = Debug|Any CPU
		{B2FCDB5D-DBD4-4DF1-AC25-C74431FD750E}.Release|Any CPU.ActiveCfg = Release|Any CPU
		{B2FCDB5D-DBD4-4DF1-AC25-C74431FD750E}.Release|Any CPU.Build.0 = Release|Any CPU
	EndGlobalSection
	GlobalSection(SolutionProperties) = preSolution
		HideSolutionNode = FALSE
	EndGlobalSection
	GlobalSection(ExtensibilityGlobals) = postSolution
		SolutionGuid = {B6FC45C2-CD55-46A0-8317-A54521A8E274}
	EndGlobalSection
EndGlobal
